
Microsoft Visual Studio Solution File, Format Version 12.00
# Visual Studio Version 16
VisualStudioVersion = 16.0.31702.278
MinimumVisualStudioVersion = 10.0.40219.1
Project("{FAE04EC0-301F-11D3-BF4B-00C04F79EFBC}") = "ImportData", "ImportData\ImportData.csproj", "{33C5AA1B-7483-49FF-BA4E-3F42F3ECF919}"
EndProject
Project("{FAE04EC0-301F-11D3-BF4B-00C04F79EFBC}") = "Basic", "Basic\Basic.csproj", "{4DBD8273-4BE8-4BCD-8F78-00C101C827B5}"
EndProject
Project("{FAE04EC0-301F-11D3-BF4B-00C04F79EFBC}") = "GamesWinForm", "GamesWinForm\GamesWinForm.csproj", "{A4E8A12D-0A9D-420A-A6E8-73C511C67961}"
EndProject
Project("{FAE04EC0-301F-11D3-BF4B-00C04F79EFBC}") = "Client", "Client\Client.csproj", "{09E336B5-37ED-4CA8-A13B-2CC69DF981E4}"
EndProject
Global
	GlobalSection(SolutionConfigurationPlatforms) = preSolution
		Debug|Any CPU = Debug|Any CPU
		Release|Any CPU = Release|Any CPU
	EndGlobalSection
	GlobalSection(ProjectConfigurationPlatforms) = postSolution
		{33C5AA1B-7483-49FF-BA4E-3F42F3ECF919}.Debug|Any CPU.ActiveCfg = Debug|Any CPU
		{33C5AA1B-7483-49FF-BA4E-3F42F3ECF919}.Debug|Any CPU.Build.0 = Debug|Any CPU
		{33C5AA1B-7483-49FF-BA4E-3F42F3ECF919}.Release|Any CPU.ActiveCfg = Release|Any CPU
		{33C5AA1B-7483-49FF-BA4E-3F42F3ECF919}.Release|Any CPU.Build.0 = Release|Any CPU
		{4DBD8273-4BE8-4BCD-8F78-00C101C827B5}.Debug|Any CPU.ActiveCfg = Debug|Any CPU
		{4DBD8273-4BE8-4BCD-8F78-00C101C827B5}.Debug|Any CPU.Build.0 = Debug|Any CPU
		{4DBD8273-4BE8-4BCD-8F78-00C101C827B5}.Release|Any CPU.ActiveCfg = Release|Any CPU
		{4DBD8273-4BE8-4BCD-8F78-00C101C827B5}.Release|Any CPU.Build.0 = Release|Any CPU
		{A4E8A12D-0A9D-420A-A6E8-73C511C67961}.Debug|Any CPU.ActiveCfg = Debug|Any CPU
		{A4E8A12D-0A9D-420A-A6E8-73C511C67961}.Debug|Any CPU.Build.0 = Debug|Any CPU
		{A4E8A12D-0A9D-420A-A6E8-73C511C67961}.Release|Any CPU.ActiveCfg = Release|Any CPU
		{A4E8A12D-0A9D-420A-A6E8-73C511C67961}.Release|Any CPU.Build.0 = Release|Any CPU
		{09E336B5-37ED-4CA8-A13B-2CC69DF981E4}.Debug|Any CPU.ActiveCfg = Debug|Any CPU
		{09E336B5-37ED-4CA8-A13B-2CC69DF981E4}.Debug|Any CPU.Build.0 = Debug|Any CPU
		{09E336B5-37ED-4CA8-A13B-2CC69DF981E4}.Release|Any CPU.ActiveCfg = Release|Any CPU
		{09E336B5-37ED-4CA8-A13B-2CC69DF981E4}.Release|Any CPU.Build.0 = Release|Any CPU
	EndGlobalSection
	GlobalSection(SolutionProperties) = preSolution
		HideSolutionNode = FALSE
	EndGlobalSection
	GlobalSection(ExtensibilityGlobals) = postSolution
		SolutionGuid = {59981139-1372-43B2-893D-AD0B35A9CCDB}
	EndGlobalSection
EndGlobal
