
Microsoft Visual Studio Solution File, Format Version 12.00
# Visual Studio Version 16
VisualStudioVersion = 16.0.31702.278
MinimumVisualStudioVersion = 10.0.40219.1
Project("{9A19103F-16F7-4668-BE54-9A1E7A4F7556}") = "PoemDataService", "PoemDataService\PoemDataService.csproj", "{6BEEBBDB-DE1B-4CBD-BDBF-44871A0C1562}"
EndProject
Project("{FAE04EC0-301F-11D3-BF4B-00C04F79EFBC}") = "GameServer", "GameServer\GameServer.csproj", "{89BADED6-D7DA-4AED-B39A-D9F623620E28}"
EndProject
Global
	GlobalSection(SolutionConfigurationPlatforms) = preSolution
		Debug|Any CPU = Debug|Any CPU
		Release|Any CPU = Release|Any CPU
	EndGlobalSection
	GlobalSection(ProjectConfigurationPlatforms) = postSolution
		{6BEEBBDB-DE1B-4CBD-BDBF-44871A0C1562}.Debug|Any CPU.ActiveCfg = Debug|Any CPU
		{6BEEBBDB-DE1B-4CBD-BDBF-44871A0C1562}.Debug|Any CPU.Build.0 = Debug|Any CPU
		{6BEEBBDB-DE1B-4CBD-BDBF-44871A0C1562}.Release|Any CPU.ActiveCfg = Release|Any CPU
		{6BEEBBDB-DE1B-4CBD-BDBF-44871A0C1562}.Release|Any CPU.Build.0 = Release|Any CPU
		{89BADED6-D7DA-4AED-B39A-D9F623620E28}.Debug|Any CPU.ActiveCfg = Debug|Any CPU
		{89BADED6-D7DA-4AED-B39A-D9F623620E28}.Debug|Any CPU.Build.0 = Debug|Any CPU
		{89BADED6-D7DA-4AED-B39A-D9F623620E28}.Release|Any CPU.ActiveCfg = Release|Any CPU
		{89BADED6-D7DA-4AED-B39A-D9F623620E28}.Release|Any CPU.Build.0 = Release|Any CPU
	EndGlobalSection
	GlobalSection(SolutionProperties) = preSolution
		HideSolutionNode = FALSE
	EndGlobalSection
	GlobalSection(ExtensibilityGlobals) = postSolution
		SolutionGuid = {6EC09C25-31EB-4877-8936-94D8665D5517}
	EndGlobalSection
EndGlobal
